// !$*UTF8*$!
{
	archiveVersion = 1;
	classes = {
	};
	objectVersion = 50;
	objects = {

/* Begin PBXBuildFile section */
		32D2AEDF2CC698D4A3A4D5E9 /* Pods_Dota_2_Pro_Players.framework in Frameworks */ = {isa = PBXBuildFile; fileRef = 45010AA26840F1E36AAA11DC /* Pods_Dota_2_Pro_Players.framework */; };
		517F8E73AC066D125B430A81 /* Pods_Dota_2_Pro_PlayersUITests.framework in Frameworks */ = {isa = PBXBuildFile; fileRef = 9383E22C1B332E3E7DC20BB4 /* Pods_Dota_2_Pro_PlayersUITests.framework */; };
		8C9AEAF0215E17B000C6B7BF /* AppDelegate.swift in Sources */ = {isa = PBXBuildFile; fileRef = 8C9AEAEF215E17B000C6B7BF /* AppDelegate.swift */; };
		8C9AEAF2215E17B000C6B7BF /* ProPlayersTableViewController.swift in Sources */ = {isa = PBXBuildFile; fileRef = 8C9AEAF1215E17B000C6B7BF /* ProPlayersTableViewController.swift */; };
		8C9AEAF5215E17B000C6B7BF /* Main.storyboard in Resources */ = {isa = PBXBuildFile; fileRef = 8C9AEAF3215E17B000C6B7BF /* Main.storyboard */; };
		8C9AEAFA215E17B100C6B7BF /* LaunchScreen.storyboard in Resources */ = {isa = PBXBuildFile; fileRef = 8C9AEAF8215E17B100C6B7BF /* LaunchScreen.storyboard */; };
		8C9AEB05215E17B200C6B7BF /* Dota_2_Pro_PlayersTests.swift in Sources */ = {isa = PBXBuildFile; fileRef = 8C9AEB04215E17B200C6B7BF /* Dota_2_Pro_PlayersTests.swift */; };
		8C9AEB10215E17B200C6B7BF /* Dota_2_Pro_PlayersUITests.swift in Sources */ = {isa = PBXBuildFile; fileRef = 8C9AEB0F215E17B200C6B7BF /* Dota_2_Pro_PlayersUITests.swift */; };
		8C9AEB1E215E18C900C6B7BF /* PlayerTableViewCell.swift in Sources */ = {isa = PBXBuildFile; fileRef = 8C9AEB1D215E18C900C6B7BF /* PlayerTableViewCell.swift */; };
		8C9AEB21215E192A00C6B7BF /* Player.swift in Sources */ = {isa = PBXBuildFile; fileRef = 8C9AEB20215E192A00C6B7BF /* Player.swift */; };
		8C9AEB26215E355E00C6B7BF /* ActivityIndicatorCell.swift in Sources */ = {isa = PBXBuildFile; fileRef = 8C9AEB25215E355E00C6B7BF /* ActivityIndicatorCell.swift */; };
		8C9AEB2B215E699E00C6B7BF /* ProPlayersService.swift in Sources */ = {isa = PBXBuildFile; fileRef = 8C9AEB2A215E699E00C6B7BF /* ProPlayersService.swift */; };
		8C9AEB2D215E6A9500C6B7BF /* BaseURL.swift in Sources */ = {isa = PBXBuildFile; fileRef = 8C9AEB2C215E6A9500C6B7BF /* BaseURL.swift */; };
		8CA1A2572162B56300B9CAD3 /* Assets.xcassets in Resources */ = {isa = PBXBuildFile; fileRef = 8CA1A2562162B56300B9CAD3 /* Assets.xcassets */; };
		8CA1A2592163727F00B9CAD3 /* PlayedWithService.swift in Sources */ = {isa = PBXBuildFile; fileRef = 8CA1A2582163727F00B9CAD3 /* PlayedWithService.swift */; };
		8CA1A25B2163736300B9CAD3 /* Participant.swift in Sources */ = {isa = PBXBuildFile; fileRef = 8CA1A25A2163736300B9CAD3 /* Participant.swift */; };
		8CA1A25F2163788F00B9CAD3 /* PlayedWithTableViewController.swift in Sources */ = {isa = PBXBuildFile; fileRef = 8CA1A25E2163788F00B9CAD3 /* PlayedWithTableViewController.swift */; };
		8CA1A26121637C7600B9CAD3 /* PlayedWithTableViewCell.swift in Sources */ = {isa = PBXBuildFile; fileRef = 8CA1A26021637C7600B9CAD3 /* PlayedWithTableViewCell.swift */; };
		ED90FDDAE2D36F03869C33AA /* Pods_Dota_2_Pro_PlayersTests.framework in Frameworks */ = {isa = PBXBuildFile; fileRef = CFA439D33FBFE3A34CBA247F /* Pods_Dota_2_Pro_PlayersTests.framework */; };
/* End PBXBuildFile section */

/* Begin PBXContainerItemProxy section */
		8C9AEB01215E17B100C6B7BF /* PBXContainerItemProxy */ = {
			isa = PBXContainerItemProxy;
			containerPortal = 8C9AEAE4215E17B000C6B7BF /* Project object */;
			proxyType = 1;
			remoteGlobalIDString = 8C9AEAEB215E17B000C6B7BF;
			remoteInfo = "Dota 2 Pro Players";
		};
		8C9AEB0C215E17B200C6B7BF /* PBXContainerItemProxy */ = {
			isa = PBXContainerItemProxy;
			containerPortal = 8C9AEAE4215E17B000C6B7BF /* Project object */;
			proxyType = 1;
			remoteGlobalIDString = 8C9AEAEB215E17B000C6B7BF;
			remoteInfo = "Dota 2 Pro Players";
		};
/* End PBXContainerItemProxy section */

/* Begin PBXFileReference section */
		040477ABDD33B8FB11A33857 /* Pods-Dota 2 Pro PlayersTests.release.xcconfig */ = {isa = PBXFileReference; includeInIndex = 1; lastKnownFileType = text.xcconfig; name = "Pods-Dota 2 Pro PlayersTests.release.xcconfig"; path = "Pods/Target Support Files/Pods-Dota 2 Pro PlayersTests/Pods-Dota 2 Pro PlayersTests.release.xcconfig"; sourceTree = "<group>"; };
		45010AA26840F1E36AAA11DC /* Pods_Dota_2_Pro_Players.framework */ = {isa = PBXFileReference; explicitFileType = wrapper.framework; includeInIndex = 0; path = Pods_Dota_2_Pro_Players.framework; sourceTree = BUILT_PRODUCTS_DIR; };
		591CAC15BF05EE8E7274BA44 /* Pods-Dota 2 Pro Players.release.xcconfig */ = {isa = PBXFileReference; includeInIndex = 1; lastKnownFileType = text.xcconfig; name = "Pods-Dota 2 Pro Players.release.xcconfig"; path = "Pods/Target Support Files/Pods-Dota 2 Pro Players/Pods-Dota 2 Pro Players.release.xcconfig"; sourceTree = "<group>"; };
		6320B2C0402274073B0DA909 /* Pods-Dota 2 Pro PlayersUITests.debug.xcconfig */ = {isa = PBXFileReference; includeInIndex = 1; lastKnownFileType = text.xcconfig; name = "Pods-Dota 2 Pro PlayersUITests.debug.xcconfig"; path = "Pods/Target Support Files/Pods-Dota 2 Pro PlayersUITests/Pods-Dota 2 Pro PlayersUITests.debug.xcconfig"; sourceTree = "<group>"; };
		6557B2B3413CF329676454A8 /* Pods-Dota 2 Pro PlayersUITests.release.xcconfig */ = {isa = PBXFileReference; includeInIndex = 1; lastKnownFileType = text.xcconfig; name = "Pods-Dota 2 Pro PlayersUITests.release.xcconfig"; path = "Pods/Target Support Files/Pods-Dota 2 Pro PlayersUITests/Pods-Dota 2 Pro PlayersUITests.release.xcconfig"; sourceTree = "<group>"; };
		8C9AEAEC215E17B000C6B7BF /* Dota 2 Pro Players.app */ = {isa = PBXFileReference; explicitFileType = wrapper.application; includeInIndex = 0; path = "Dota 2 Pro Players.app"; sourceTree = BUILT_PRODUCTS_DIR; };
		8C9AEAEF215E17B000C6B7BF /* AppDelegate.swift */ = {isa = PBXFileReference; lastKnownFileType = sourcecode.swift; path = AppDelegate.swift; sourceTree = "<group>"; };
		8C9AEAF1215E17B000C6B7BF /* ProPlayersTableViewController.swift */ = {isa = PBXFileReference; lastKnownFileType = sourcecode.swift; path = ProPlayersTableViewController.swift; sourceTree = "<group>"; };
		8C9AEAF4215E17B000C6B7BF /* Base */ = {isa = PBXFileReference; lastKnownFileType = file.storyboard; name = Base; path = Base.lproj/Main.storyboard; sourceTree = "<group>"; };
		8C9AEAF9215E17B100C6B7BF /* Base */ = {isa = PBXFileReference; lastKnownFileType = file.storyboard; name = Base; path = Base.lproj/LaunchScreen.storyboard; sourceTree = "<group>"; };
		8C9AEAFB215E17B100C6B7BF /* Info.plist */ = {isa = PBXFileReference; lastKnownFileType = text.plist.xml; path = Info.plist; sourceTree = "<group>"; };
		8C9AEB00215E17B100C6B7BF /* Dota 2 Pro PlayersTests.xctest */ = {isa = PBXFileReference; explicitFileType = wrapper.cfbundle; includeInIndex = 0; path = "Dota 2 Pro PlayersTests.xctest"; sourceTree = BUILT_PRODUCTS_DIR; };
		8C9AEB04215E17B200C6B7BF /* Dota_2_Pro_PlayersTests.swift */ = {isa = PBXFileReference; lastKnownFileType = sourcecode.swift; path = Dota_2_Pro_PlayersTests.swift; sourceTree = "<group>"; };
		8C9AEB06215E17B200C6B7BF /* Info.plist */ = {isa = PBXFileReference; lastKnownFileType = text.plist.xml; path = Info.plist; sourceTree = "<group>"; };
		8C9AEB0B215E17B200C6B7BF /* Dota 2 Pro PlayersUITests.xctest */ = {isa = PBXFileReference; explicitFileType = wrapper.cfbundle; includeInIndex = 0; path = "Dota 2 Pro PlayersUITests.xctest"; sourceTree = BUILT_PRODUCTS_DIR; };
		8C9AEB0F215E17B200C6B7BF /* Dota_2_Pro_PlayersUITests.swift */ = {isa = PBXFileReference; lastKnownFileType = sourcecode.swift; path = Dota_2_Pro_PlayersUITests.swift; sourceTree = "<group>"; };
		8C9AEB11215E17B200C6B7BF /* Info.plist */ = {isa = PBXFileReference; lastKnownFileType = text.plist.xml; path = Info.plist; sourceTree = "<group>"; };
		8C9AEB1D215E18C900C6B7BF /* PlayerTableViewCell.swift */ = {isa = PBXFileReference; lastKnownFileType = sourcecode.swift; path = PlayerTableViewCell.swift; sourceTree = "<group>"; };
		8C9AEB20215E192A00C6B7BF /* Player.swift */ = {isa = PBXFileReference; lastKnownFileType = sourcecode.swift; path = Player.swift; sourceTree = "<group>"; };
		8C9AEB25215E355E00C6B7BF /* ActivityIndicatorCell.swift */ = {isa = PBXFileReference; lastKnownFileType = sourcecode.swift; path = ActivityIndicatorCell.swift; sourceTree = "<group>"; };
		8C9AEB2A215E699E00C6B7BF /* ProPlayersService.swift */ = {isa = PBXFileReference; fileEncoding = 4; lastKnownFileType = sourcecode.swift; path = ProPlayersService.swift; sourceTree = "<group>"; };
		8C9AEB2C215E6A9500C6B7BF /* BaseURL.swift */ = {isa = PBXFileReference; lastKnownFileType = sourcecode.swift; path = BaseURL.swift; sourceTree = "<group>"; };
		8CA1A2562162B56300B9CAD3 /* Assets.xcassets */ = {isa = PBXFileReference; lastKnownFileType = folder.assetcatalog; path = Assets.xcassets; sourceTree = "<group>"; };
		8CA1A2582163727F00B9CAD3 /* PlayedWithService.swift */ = {isa = PBXFileReference; lastKnownFileType = sourcecode.swift; path = PlayedWithService.swift; sourceTree = "<group>"; };
		8CA1A25A2163736300B9CAD3 /* Participant.swift */ = {isa = PBXFileReference; lastKnownFileType = sourcecode.swift; path = Participant.swift; sourceTree = "<group>"; };
		8CA1A25E2163788F00B9CAD3 /* PlayedWithTableViewController.swift */ = {isa = PBXFileReference; lastKnownFileType = sourcecode.swift; path = PlayedWithTableViewController.swift; sourceTree = "<group>"; };
		8CA1A26021637C7600B9CAD3 /* PlayedWithTableViewCell.swift */ = {isa = PBXFileReference; lastKnownFileType = sourcecode.swift; path = PlayedWithTableViewCell.swift; sourceTree = "<group>"; };
		9383E22C1B332E3E7DC20BB4 /* Pods_Dota_2_Pro_PlayersUITests.framework */ = {isa = PBXFileReference; explicitFileType = wrapper.framework; includeInIndex = 0; path = Pods_Dota_2_Pro_PlayersUITests.framework; sourceTree = BUILT_PRODUCTS_DIR; };
		CFA439D33FBFE3A34CBA247F /* Pods_Dota_2_Pro_PlayersTests.framework */ = {isa = PBXFileReference; explicitFileType = wrapper.framework; includeInIndex = 0; path = Pods_Dota_2_Pro_PlayersTests.framework; sourceTree = BUILT_PRODUCTS_DIR; };
		D33458344BD443D48038D782 /* Pods-Dota 2 Pro PlayersTests.debug.xcconfig */ = {isa = PBXFileReference; includeInIndex = 1; lastKnownFileType = text.xcconfig; name = "Pods-Dota 2 Pro PlayersTests.debug.xcconfig"; path = "Pods/Target Support Files/Pods-Dota 2 Pro PlayersTests/Pods-Dota 2 Pro PlayersTests.debug.xcconfig"; sourceTree = "<group>"; };
		F359FC2BF7FABA31C9C0CEA3 /* Pods-Dota 2 Pro Players.debug.xcconfig */ = {isa = PBXFileReference; includeInIndex = 1; lastKnownFileType = text.xcconfig; name = "Pods-Dota 2 Pro Players.debug.xcconfig"; path = "Pods/Target Support Files/Pods-Dota 2 Pro Players/Pods-Dota 2 Pro Players.debug.xcconfig"; sourceTree = "<group>"; };
/* End PBXFileReference section */

/* Begin PBXFrameworksBuildPhase section */
		8C9AEAE9215E17B000C6B7BF /* Frameworks */ = {
			isa = PBXFrameworksBuildPhase;
			buildActionMask = 2147483647;
			files = (
				32D2AEDF2CC698D4A3A4D5E9 /* Pods_Dota_2_Pro_Players.framework in Frameworks */,
			);
			runOnlyForDeploymentPostprocessing = 0;
		};
		8C9AEAFD215E17B100C6B7BF /* Frameworks */ = {
			isa = PBXFrameworksBuildPhase;
			buildActionMask = 2147483647;
			files = (
				ED90FDDAE2D36F03869C33AA /* Pods_Dota_2_Pro_PlayersTests.framework in Frameworks */,
			);
			runOnlyForDeploymentPostprocessing = 0;
		};
		8C9AEB08215E17B200C6B7BF /* Frameworks */ = {
			isa = PBXFrameworksBuildPhase;
			buildActionMask = 2147483647;
			files = (
				517F8E73AC066D125B430A81 /* Pods_Dota_2_Pro_PlayersUITests.framework in Frameworks */,
			);
			runOnlyForDeploymentPostprocessing = 0;
		};
/* End PBXFrameworksBuildPhase section */

/* Begin PBXGroup section */
		01E318C4EAC1574BAA1C75FB /* Pods */ = {
			isa = PBXGroup;
			children = (
				F359FC2BF7FABA31C9C0CEA3 /* Pods-Dota 2 Pro Players.debug.xcconfig */,
				591CAC15BF05EE8E7274BA44 /* Pods-Dota 2 Pro Players.release.xcconfig */,
				D33458344BD443D48038D782 /* Pods-Dota 2 Pro PlayersTests.debug.xcconfig */,
				040477ABDD33B8FB11A33857 /* Pods-Dota 2 Pro PlayersTests.release.xcconfig */,
				6320B2C0402274073B0DA909 /* Pods-Dota 2 Pro PlayersUITests.debug.xcconfig */,
				6557B2B3413CF329676454A8 /* Pods-Dota 2 Pro PlayersUITests.release.xcconfig */,
			);
			name = Pods;
			sourceTree = "<group>";
		};
		7F09191803B21E7538CDCAF6 /* Frameworks */ = {
			isa = PBXGroup;
			children = (
				45010AA26840F1E36AAA11DC /* Pods_Dota_2_Pro_Players.framework */,
				CFA439D33FBFE3A34CBA247F /* Pods_Dota_2_Pro_PlayersTests.framework */,
				9383E22C1B332E3E7DC20BB4 /* Pods_Dota_2_Pro_PlayersUITests.framework */,
			);
			name = Frameworks;
			sourceTree = "<group>";
		};
		8C9AEAE3215E17B000C6B7BF = {
			isa = PBXGroup;
			children = (
				8C9AEAEE215E17B000C6B7BF /* Dota 2 Pro Players */,
				8C9AEB03215E17B200C6B7BF /* Dota 2 Pro PlayersTests */,
				8C9AEB0E215E17B200C6B7BF /* Dota 2 Pro PlayersUITests */,
				8C9AEAED215E17B000C6B7BF /* Products */,
				01E318C4EAC1574BAA1C75FB /* Pods */,
				7F09191803B21E7538CDCAF6 /* Frameworks */,
			);
			sourceTree = "<group>";
		};
		8C9AEAED215E17B000C6B7BF /* Products */ = {
			isa = PBXGroup;
			children = (
				8C9AEAEC215E17B000C6B7BF /* Dota 2 Pro Players.app */,
				8C9AEB00215E17B100C6B7BF /* Dota 2 Pro PlayersTests.xctest */,
				8C9AEB0B215E17B200C6B7BF /* Dota 2 Pro PlayersUITests.xctest */,
			);
			name = Products;
			sourceTree = "<group>";
		};
		8C9AEAEE215E17B000C6B7BF /* Dota 2 Pro Players */ = {
			isa = PBXGroup;
			children = (
				8C9AEB23215E196900C6B7BF /* Controllers */,
				8C9AEB22215E193100C6B7BF /* Model */,
				8C9AEB1F215E18CD00C6B7BF /* View */,
				8C9AEB29215E695C00C6B7BF /* Service */,
				8C9AEAF3215E17B000C6B7BF /* Main.storyboard */,
				8C9AEB24215E198600C6B7BF /* Other */,
			);
			path = "Dota 2 Pro Players";
			sourceTree = "<group>";
		};
		8C9AEB03215E17B200C6B7BF /* Dota 2 Pro PlayersTests */ = {
			isa = PBXGroup;
			children = (
				8C9AEB04215E17B200C6B7BF /* Dota_2_Pro_PlayersTests.swift */,
				8C9AEB06215E17B200C6B7BF /* Info.plist */,
			);
			path = "Dota 2 Pro PlayersTests";
			sourceTree = "<group>";
		};
		8C9AEB0E215E17B200C6B7BF /* Dota 2 Pro PlayersUITests */ = {
			isa = PBXGroup;
			children = (
				8C9AEB0F215E17B200C6B7BF /* Dota_2_Pro_PlayersUITests.swift */,
				8C9AEB11215E17B200C6B7BF /* Info.plist */,
			);
			path = "Dota 2 Pro PlayersUITests";
			sourceTree = "<group>";
		};
		8C9AEB1F215E18CD00C6B7BF /* View */ = {
			isa = PBXGroup;
			children = (
				8C9AEB1D215E18C900C6B7BF /* PlayerTableViewCell.swift */,
				8CA1A26021637C7600B9CAD3 /* PlayedWithTableViewCell.swift */,
				8C9AEB25215E355E00C6B7BF /* ActivityIndicatorCell.swift */,
			);
			path = View;
			sourceTree = "<group>";
		};
		8C9AEB22215E193100C6B7BF /* Model */ = {
			isa = PBXGroup;
			children = (
				8C9AEB20215E192A00C6B7BF /* Player.swift */,
				8CA1A25A2163736300B9CAD3 /* Participant.swift */,
			);
			path = Model;
			sourceTree = "<group>";
		};
		8C9AEB23215E196900C6B7BF /* Controllers */ = {
			isa = PBXGroup;
			children = (
				8C9AEAF1215E17B000C6B7BF /* ProPlayersTableViewController.swift */,
				8CA1A25E2163788F00B9CAD3 /* PlayedWithTableViewController.swift */,
			);
			path = Controllers;
			sourceTree = "<group>";
		};
		8C9AEB24215E198600C6B7BF /* Other */ = {
			isa = PBXGroup;
			children = (
				8CA1A2562162B56300B9CAD3 /* Assets.xcassets */,
				8C9AEAF8215E17B100C6B7BF /* LaunchScreen.storyboard */,
				8C9AEAEF215E17B000C6B7BF /* AppDelegate.swift */,
				8C9AEAFB215E17B100C6B7BF /* Info.plist */,
			);
			path = Other;
			sourceTree = "<group>";
		};
		8C9AEB29215E695C00C6B7BF /* Service */ = {
			isa = PBXGroup;
			children = (
				8C9AEB2C215E6A9500C6B7BF /* BaseURL.swift */,
				8C9AEB2A215E699E00C6B7BF /* ProPlayersService.swift */,
				8CA1A2582163727F00B9CAD3 /* PlayedWithService.swift */,
			);
			path = Service;
			sourceTree = "<group>";
		};
/* End PBXGroup section */

/* Begin PBXNativeTarget section */
		8C9AEAEB215E17B000C6B7BF /* Dota 2 Pro Players */ = {
			isa = PBXNativeTarget;
			buildConfigurationList = 8C9AEB14215E17B200C6B7BF /* Build configuration list for PBXNativeTarget "Dota 2 Pro Players" */;
			buildPhases = (
				4EDA21F5D880DF38BB0675DC /* [CP] Check Pods Manifest.lock */,
				8C9AEAE8215E17B000C6B7BF /* Sources */,
				8C9AEAE9215E17B000C6B7BF /* Frameworks */,
				8C9AEAEA215E17B000C6B7BF /* Resources */,
				11EA5AEE36B4080D7A231216 /* [CP] Embed Pods Frameworks */,
			);
			buildRules = (
			);
			dependencies = (
			);
			name = "Dota 2 Pro Players";
			productName = "Dota 2 Pro Players";
			productReference = 8C9AEAEC215E17B000C6B7BF /* Dota 2 Pro Players.app */;
			productType = "com.apple.product-type.application";
		};
		8C9AEAFF215E17B100C6B7BF /* Dota 2 Pro PlayersTests */ = {
			isa = PBXNativeTarget;
			buildConfigurationList = 8C9AEB17215E17B200C6B7BF /* Build configuration list for PBXNativeTarget "Dota 2 Pro PlayersTests" */;
			buildPhases = (
				F5F394B2361BECDB242DA516 /* [CP] Check Pods Manifest.lock */,
				8C9AEAFC215E17B100C6B7BF /* Sources */,
				8C9AEAFD215E17B100C6B7BF /* Frameworks */,
				8C9AEAFE215E17B100C6B7BF /* Resources */,
			);
			buildRules = (
			);
			dependencies = (
				8C9AEB02215E17B100C6B7BF /* PBXTargetDependency */,
			);
			name = "Dota 2 Pro PlayersTests";
			productName = "Dota 2 Pro PlayersTests";
			productReference = 8C9AEB00215E17B100C6B7BF /* Dota 2 Pro PlayersTests.xctest */;
			productType = "com.apple.product-type.bundle.unit-test";
		};
		8C9AEB0A215E17B200C6B7BF /* Dota 2 Pro PlayersUITests */ = {
			isa = PBXNativeTarget;
			buildConfigurationList = 8C9AEB1A215E17B200C6B7BF /* Build configuration list for PBXNativeTarget "Dota 2 Pro PlayersUITests" */;
			buildPhases = (
				4040EB0FA9C7DA363B5208D8 /* [CP] Check Pods Manifest.lock */,
				8C9AEB07215E17B200C6B7BF /* Sources */,
				8C9AEB08215E17B200C6B7BF /* Frameworks */,
				8C9AEB09215E17B200C6B7BF /* Resources */,
			);
			buildRules = (
			);
			dependencies = (
				8C9AEB0D215E17B200C6B7BF /* PBXTargetDependency */,
			);
			name = "Dota 2 Pro PlayersUITests";
			productName = "Dota 2 Pro PlayersUITests";
			productReference = 8C9AEB0B215E17B200C6B7BF /* Dota 2 Pro PlayersUITests.xctest */;
			productType = "com.apple.product-type.bundle.ui-testing";
		};
/* End PBXNativeTarget section */

/* Begin PBXProject section */
		8C9AEAE4215E17B000C6B7BF /* Project object */ = {
			isa = PBXProject;
			attributes = {
				LastSwiftUpdateCheck = 1000;
				LastUpgradeCheck = 1000;
				ORGANIZATIONNAME = Jora;
				TargetAttributes = {
					8C9AEAEB215E17B000C6B7BF = {
						CreatedOnToolsVersion = 10.0;
					};
					8C9AEAFF215E17B100C6B7BF = {
						CreatedOnToolsVersion = 10.0;
						TestTargetID = 8C9AEAEB215E17B000C6B7BF;
					};
					8C9AEB0A215E17B200C6B7BF = {
						CreatedOnToolsVersion = 10.0;
						TestTargetID = 8C9AEAEB215E17B000C6B7BF;
					};
				};
			};
			buildConfigurationList = 8C9AEAE7215E17B000C6B7BF /* Build configuration list for PBXProject "Dota 2 Pro Players" */;
			compatibilityVersion = "Xcode 9.3";
			developmentRegion = en;
			hasScannedForEncodings = 0;
			knownRegions = (
				en,
				Base,
			);
			mainGroup = 8C9AEAE3215E17B000C6B7BF;
			productRefGroup = 8C9AEAED215E17B000C6B7BF /* Products */;
			projectDirPath = "";
			projectRoot = "";
			targets = (
				8C9AEAEB215E17B000C6B7BF /* Dota 2 Pro Players */,
				8C9AEAFF215E17B100C6B7BF /* Dota 2 Pro PlayersTests */,
				8C9AEB0A215E17B200C6B7BF /* Dota 2 Pro PlayersUITests */,
			);
		};
/* End PBXProject section */

/* Begin PBXResourcesBuildPhase section */
		8C9AEAEA215E17B000C6B7BF /* Resources */ = {
			isa = PBXResourcesBuildPhase;
			buildActionMask = 2147483647;
			files = (
				8C9AEAFA215E17B100C6B7BF /* LaunchScreen.storyboard in Resources */,
				8CA1A2572162B56300B9CAD3 /* Assets.xcassets in Resources */,
				8C9AEAF5215E17B000C6B7BF /* Main.storyboard in Resources */,
			);
			runOnlyForDeploymentPostprocessing = 0;
		};
		8C9AEAFE215E17B100C6B7BF /* Resources */ = {
			isa = PBXResourcesBuildPhase;
			buildActionMask = 2147483647;
			files = (
			);
			runOnlyForDeploymentPostprocessing = 0;
		};
		8C9AEB09215E17B200C6B7BF /* Resources */ = {
			isa = PBXResourcesBuildPhase;
			buildActionMask = 2147483647;
			files = (
			);
			runOnlyForDeploymentPostprocessing = 0;
		};
/* End PBXResourcesBuildPhase section */

/* Begin PBXShellScriptBuildPhase section */
		11EA5AEE36B4080D7A231216 /* [CP] Embed Pods Frameworks */ = {
			isa = PBXShellScriptBuildPhase;
			buildActionMask = 2147483647;
			files = (
			);
			inputFileListPaths = (
			);
			inputPaths = (
				"${SRCROOT}/Pods/Target Support Files/Pods-Dota 2 Pro Players/Pods-Dota 2 Pro Players-frameworks.sh",
				"${BUILT_PRODUCTS_DIR}/Kingfisher/Kingfisher.framework",
			);
			name = "[CP] Embed Pods Frameworks";
			outputFileListPaths = (
			);
			outputPaths = (
				"${TARGET_BUILD_DIR}/${FRAMEWORKS_FOLDER_PATH}/Kingfisher.framework",
			);
			runOnlyForDeploymentPostprocessing = 0;
			shellPath = /bin/sh;
			shellScript = "\"${SRCROOT}/Pods/Target Support Files/Pods-Dota 2 Pro Players/Pods-Dota 2 Pro Players-frameworks.sh\"\n";
			showEnvVarsInLog = 0;
		};
		4040EB0FA9C7DA363B5208D8 /* [CP] Check Pods Manifest.lock */ = {
			isa = PBXShellScriptBuildPhase;
			buildActionMask = 2147483647;
			files = (
			);
			inputFileListPaths = (
			);
			inputPaths = (
				"${PODS_PODFILE_DIR_PATH}/Podfile.lock",
				"${PODS_ROOT}/Manifest.lock",
			);
			name = "[CP] Check Pods Manifest.lock";
			outputFileListPaths = (
			);
			outputPaths = (
				"$(DERIVED_FILE_DIR)/Pods-Dota 2 Pro PlayersUITests-checkManifestLockResult.txt",
			);
			runOnlyForDeploymentPostprocessing = 0;
			shellPath = /bin/sh;
			shellScript = "diff \"${PODS_PODFILE_DIR_PATH}/Podfile.lock\" \"${PODS_ROOT}/Manifest.lock\" > /dev/null\nif [ $? != 0 ] ; then\n    # print error to STDERR\n    echo \"error: The sandbox is not in sync with the Podfile.lock. Run 'pod install' or update your CocoaPods installation.\" >&2\n    exit 1\nfi\n# This output is used by Xcode 'outputs' to avoid re-running this script phase.\necho \"SUCCESS\" > \"${SCRIPT_OUTPUT_FILE_0}\"\n";
			showEnvVarsInLog = 0;
		};
		4EDA21F5D880DF38BB0675DC /* [CP] Check Pods Manifest.lock */ = {
			isa = PBXShellScriptBuildPhase;
			buildActionMask = 2147483647;
			files = (
			);
			inputFileListPaths = (
			);
			inputPaths = (
				"${PODS_PODFILE_DIR_PATH}/Podfile.lock",
				"${PODS_ROOT}/Manifest.lock",
			);
			name = "[CP] Check Pods Manifest.lock";
			outputFileListPaths = (
			);
			outputPaths = (
				"$(DERIVED_FILE_DIR)/Pods-Dota 2 Pro Players-checkManifestLockResult.txt",
			);
			runOnlyForDeploymentPostprocessing = 0;
			shellPath = /bin/sh;
			shellScript = "diff \"${PODS_PODFILE_DIR_PATH}/Podfile.lock\" \"${PODS_ROOT}/Manifest.lock\" > /dev/null\nif [ $? != 0 ] ; then\n    # print error to STDERR\n    echo \"error: The sandbox is not in sync with the Podfile.lock. Run 'pod install' or update your CocoaPods installation.\" >&2\n    exit 1\nfi\n# This output is used by Xcode 'outputs' to avoid re-running this script phase.\necho \"SUCCESS\" > \"${SCRIPT_OUTPUT_FILE_0}\"\n";
			showEnvVarsInLog = 0;
		};
		F5F394B2361BECDB242DA516 /* [CP] Check Pods Manifest.lock */ = {
			isa = PBXShellScriptBuildPhase;
			buildActionMask = 2147483647;
			files = (
			);
			inputFileListPaths = (
			);
			inputPaths = (
				"${PODS_PODFILE_DIR_PATH}/Podfile.lock",
				"${PODS_ROOT}/Manifest.lock",
			);
			name = "[CP] Check Pods Manifest.lock";
			outputFileListPaths = (
			);
			outputPaths = (
				"$(DERIVED_FILE_DIR)/Pods-Dota 2 Pro PlayersTests-checkManifestLockResult.txt",
			);
			runOnlyForDeploymentPostprocessing = 0;
			shellPath = /bin/sh;
			shellScript = "diff \"${PODS_PODFILE_DIR_PATH}/Podfile.lock\" \"${PODS_ROOT}/Manifest.lock\" > /dev/null\nif [ $? != 0 ] ; then\n    # print error to STDERR\n    echo \"error: The sandbox is not in sync with the Podfile.lock. Run 'pod install' or update your CocoaPods installation.\" >&2\n    exit 1\nfi\n# This output is used by Xcode 'outputs' to avoid re-running this script phase.\necho \"SUCCESS\" > \"${SCRIPT_OUTPUT_FILE_0}\"\n";
			showEnvVarsInLog = 0;
		};
/* End PBXShellScriptBuildPhase section */

/* Begin PBXSourcesBuildPhase section */
		8C9AEAE8215E17B000C6B7BF /* Sources */ = {
			isa = PBXSourcesBuildPhase;
			buildActionMask = 2147483647;
			files = (
				8CA1A25F2163788F00B9CAD3 /* PlayedWithTableViewController.swift in Sources */,
				8C9AEB21215E192A00C6B7BF /* Player.swift in Sources */,
				8C9AEB1E215E18C900C6B7BF /* PlayerTableViewCell.swift in Sources */,
				8CA1A25B2163736300B9CAD3 /* Participant.swift in Sources */,
				8C9AEB2D215E6A9500C6B7BF /* BaseURL.swift in Sources */,
				8C9AEAF2215E17B000C6B7BF /* ProPlayersTableViewController.swift in Sources */,
				8CA1A26121637C7600B9CAD3 /* PlayedWithTableViewCell.swift in Sources */,
				8C9AEB26215E355E00C6B7BF /* ActivityIndicatorCell.swift in Sources */,
				8C9AEB2B215E699E00C6B7BF /* ProPlayersService.swift in Sources */,
				8CA1A2592163727F00B9CAD3 /* PlayedWithService.swift in Sources */,
				8C9AEAF0215E17B000C6B7BF /* AppDelegate.swift in Sources */,
			);
			runOnlyForDeploymentPostprocessing = 0;
		};
		8C9AEAFC215E17B100C6B7BF /* Sources */ = {
			isa = PBXSourcesBuildPhase;
			buildActionMask = 2147483647;
			files = (
				8C9AEB05215E17B200C6B7BF /* Dota_2_Pro_PlayersTests.swift in Sources */,
			);
			runOnlyForDeploymentPostprocessing = 0;
		};
		8C9AEB07215E17B200C6B7BF /* Sources */ = {
			isa = PBXSourcesBuildPhase;
			buildActionMask = 2147483647;
			files = (
				8C9AEB10215E17B200C6B7BF /* Dota_2_Pro_PlayersUITests.swift in Sources */,
			);
			runOnlyForDeploymentPostprocessing = 0;
		};
/* End PBXSourcesBuildPhase section */

/* Begin PBXTargetDependency section */
		8C9AEB02215E17B100C6B7BF /* PBXTargetDependency */ = {
			isa = PBXTargetDependency;
			target = 8C9AEAEB215E17B000C6B7BF /* Dota 2 Pro Players */;
			targetProxy = 8C9AEB01215E17B100C6B7BF /* PBXContainerItemProxy */;
		};
		8C9AEB0D215E17B200C6B7BF /* PBXTargetDependency */ = {
			isa = PBXTargetDependency;
			target = 8C9AEAEB215E17B000C6B7BF /* Dota 2 Pro Players */;
			targetProxy = 8C9AEB0C215E17B200C6B7BF /* PBXContainerItemProxy */;
		};
/* End PBXTargetDependency section */

/* Begin PBXVariantGroup section */
		8C9AEAF3215E17B000C6B7BF /* Main.storyboard */ = {
			isa = PBXVariantGroup;
			children = (
				8C9AEAF4215E17B000C6B7BF /* Base */,
			);
			name = Main.storyboard;
			sourceTree = "<group>";
		};
		8C9AEAF8215E17B100C6B7BF /* LaunchScreen.storyboard */ = {
			isa = PBXVariantGroup;
			children = (
				8C9AEAF9215E17B100C6B7BF /* Base */,
			);
			name = LaunchScreen.storyboard;
			sourceTree = "<group>";
		};
/* End PBXVariantGroup section */

/* Begin XCBuildConfiguration section */
		8C9AEB12215E17B200C6B7BF /* Debug */ = {
			isa = XCBuildConfiguration;
			buildSettings = {
				ALWAYS_SEARCH_USER_PATHS = NO;
				CLANG_ANALYZER_NONNULL = YES;
				CLANG_ANALYZER_NUMBER_OBJECT_CONVERSION = YES_AGGRESSIVE;
				CLANG_CXX_LANGUAGE_STANDARD = "gnu++14";
				CLANG_CXX_LIBRARY = "libc++";
				CLANG_ENABLE_MODULES = YES;
				CLANG_ENABLE_OBJC_ARC = YES;
				CLANG_ENABLE_OBJC_WEAK = YES;
				CLANG_WARN_BLOCK_CAPTURE_AUTORELEASING = YES;
				CLANG_WARN_BOOL_CONVERSION = YES;
				CLANG_WARN_COMMA = YES;
				CLANG_WARN_CONSTANT_CONVERSION = YES;
				CLANG_WARN_DEPRECATED_OBJC_IMPLEMENTATIONS = YES;
				CLANG_WARN_DIRECT_OBJC_ISA_USAGE = YES_ERROR;
				CLANG_WARN_DOCUMENTATION_COMMENTS = YES;
				CLANG_WARN_EMPTY_BODY = YES;
				CLANG_WARN_ENUM_CONVERSION = YES;
				CLANG_WARN_INFINITE_RECURSION = YES;
				CLANG_WARN_INT_CONVERSION = YES;
				CLANG_WARN_NON_LITERAL_NULL_CONVERSION = YES;
				CLANG_WARN_OBJC_IMPLICIT_RETAIN_SELF = YES;
				CLANG_WARN_OBJC_LITERAL_CONVERSION = YES;
				CLANG_WARN_OBJC_ROOT_CLASS = YES_ERROR;
				CLANG_WARN_RANGE_LOOP_ANALYSIS = YES;
				CLANG_WARN_STRICT_PROTOTYPES = YES;
				CLANG_WARN_SUSPICIOUS_MOVE = YES;
				CLANG_WARN_UNGUARDED_AVAILABILITY = YES_AGGRESSIVE;
				CLANG_WARN_UNREACHABLE_CODE = YES;
				CLANG_WARN__DUPLICATE_METHOD_MATCH = YES;
				CODE_SIGN_IDENTITY = "iPhone Developer";
				COPY_PHASE_STRIP = NO;
				DEBUG_INFORMATION_FORMAT = dwarf;
				ENABLE_STRICT_OBJC_MSGSEND = YES;
				ENABLE_TESTABILITY = YES;
				GCC_C_LANGUAGE_STANDARD = gnu11;
				GCC_DYNAMIC_NO_PIC = NO;
				GCC_NO_COMMON_BLOCKS = YES;
				GCC_OPTIMIZATION_LEVEL = 0;
				GCC_PREPROCESSOR_DEFINITIONS = (
					"DEBUG=1",
					"$(inherited)",
				);
				GCC_WARN_64_TO_32_BIT_CONVERSION = YES;
				GCC_WARN_ABOUT_RETURN_TYPE = YES_ERROR;
				GCC_WARN_UNDECLARED_SELECTOR = YES;
				GCC_WARN_UNINITIALIZED_AUTOS = YES_AGGRESSIVE;
				GCC_WARN_UNUSED_FUNCTION = YES;
				GCC_WARN_UNUSED_VARIABLE = YES;
				IPHONEOS_DEPLOYMENT_TARGET = 12.0;
				MTL_ENABLE_DEBUG_INFO = INCLUDE_SOURCE;
				MTL_FAST_MATH = YES;
				ONLY_ACTIVE_ARCH = YES;
				SDKROOT = iphoneos;
				SWIFT_ACTIVE_COMPILATION_CONDITIONS = DEBUG;
				SWIFT_OPTIMIZATION_LEVEL = "-Onone";
			};
			name = Debug;
		};
		8C9AEB13215E17B200C6B7BF /* Release */ = {
			isa = XCBuildConfiguration;
			buildSettings = {
				ALWAYS_SEARCH_USER_PATHS = NO;
				CLANG_ANALYZER_NONNULL = YES;
				CLANG_ANALYZER_NUMBER_OBJECT_CONVERSION = YES_AGGRESSIVE;
				CLANG_CXX_LANGUAGE_STANDARD = "gnu++14";
				CLANG_CXX_LIBRARY = "libc++";
				CLANG_ENABLE_MODULES = YES;
				CLANG_ENABLE_OBJC_ARC = YES;
				CLANG_ENABLE_OBJC_WEAK = YES;
				CLANG_WARN_BLOCK_CAPTURE_AUTORELEASING = YES;
				CLANG_WARN_BOOL_CONVERSION = YES;
				CLANG_WARN_COMMA = YES;
				CLANG_WARN_CONSTANT_CONVERSION = YES;
				CLANG_WARN_DEPRECATED_OBJC_IMPLEMENTATIONS = YES;
				CLANG_WARN_DIRECT_OBJC_ISA_USAGE = YES_ERROR;
				CLANG_WARN_DOCUMENTATION_COMMENTS = YES;
				CLANG_WARN_EMPTY_BODY = YES;
				CLANG_WARN_ENUM_CONVERSION = YES;
				CLANG_WARN_INFINITE_RECURSION = YES;
				CLANG_WARN_INT_CONVERSION = YES;
				CLANG_WARN_NON_LITERAL_NULL_CONVERSION = YES;
				CLANG_WARN_OBJC_IMPLICIT_RETAIN_SELF = YES;
				CLANG_WARN_OBJC_LITERAL_CONVERSION = YES;
				CLANG_WARN_OBJC_ROOT_CLASS = YES_ERROR;
				CLANG_WARN_RANGE_LOOP_ANALYSIS = YES;
				CLANG_WARN_STRICT_PROTOTYPES = YES;
				CLANG_WARN_SUSPICIOUS_MOVE = YES;
				CLANG_WARN_UNGUARDED_AVAILABILITY = YES_AGGRESSIVE;
				CLANG_WARN_UNREACHABLE_CODE = YES;
				CLANG_WARN__DUPLICATE_METHOD_MATCH = YES;
				CODE_SIGN_IDENTITY = "iPhone Developer";
				COPY_PHASE_STRIP = NO;
				DEBUG_INFORMATION_FORMAT = "dwarf-with-dsym";
				ENABLE_NS_ASSERTIONS = NO;
				ENABLE_STRICT_OBJC_MSGSEND = YES;
				GCC_C_LANGUAGE_STANDARD = gnu11;
				GCC_NO_COMMON_BLOCKS = YES;
				GCC_WARN_64_TO_32_BIT_CONVERSION = YES;
				GCC_WARN_ABOUT_RETURN_TYPE = YES_ERROR;
				GCC_WARN_UNDECLARED_SELECTOR = YES;
				GCC_WARN_UNINITIALIZED_AUTOS = YES_AGGRESSIVE;
				GCC_WARN_UNUSED_FUNCTION = YES;
				GCC_WARN_UNUSED_VARIABLE = YES;
				IPHONEOS_DEPLOYMENT_TARGET = 12.0;
				MTL_ENABLE_DEBUG_INFO = NO;
				MTL_FAST_MATH = YES;
				SDKROOT = iphoneos;
				SWIFT_COMPILATION_MODE = wholemodule;
				SWIFT_OPTIMIZATION_LEVEL = "-O";
				VALIDATE_PRODUCT = YES;
			};
			name = Release;
		};
		8C9AEB15215E17B200C6B7BF /* Debug */ = {
			isa = XCBuildConfiguration;
			baseConfigurationReference = F359FC2BF7FABA31C9C0CEA3 /* Pods-Dota 2 Pro Players.debug.xcconfig */;
			buildSettings = {
				ASSETCATALOG_COMPILER_APPICON_NAME = AppIcon;
				CODE_SIGN_STYLE = Automatic;
				DEVELOPMENT_TEAM = U98YH747J6;
				INFOPLIST_FILE = "Dota 2 Pro Players/Other/Info.plist";
				LD_RUNPATH_SEARCH_PATHS = (
					"$(inherited)",
					"@executable_path/Frameworks",
				);
				PRODUCT_BUNDLE_IDENTIFIER = "com.Schiopu.Dota-2-Pro-Players";
				PRODUCT_NAME = "$(TARGET_NAME)";
				SWIFT_VERSION = 4.2;
				TARGETED_DEVICE_FAMILY = "1,2";
			};
			name = Debug;
		};
		8C9AEB16215E17B200C6B7BF /* Release */ = {
			isa = XCBuildConfiguration;
			baseConfigurationReference = 591CAC15BF05EE8E7274BA44 /* Pods-Dota 2 Pro Players.release.xcconfig */;
			buildSettings = {
				ASSETCATALOG_COMPILER_APPICON_NAME = AppIcon;
				CODE_SIGN_STYLE = Automatic;
				DEVELOPMENT_TEAM = U98YH747J6;
				INFOPLIST_FILE = "Dota 2 Pro Players/Other/Info.plist";
				LD_RUNPATH_SEARCH_PATHS = (
					"$(inherited)",
					"@executable_path/Frameworks",
				);
				PRODUCT_BUNDLE_IDENTIFIER = "com.Schiopu.Dota-2-Pro-Players";
				PRODUCT_NAME = "$(TARGET_NAME)";
				SWIFT_VERSION = 4.2;
				TARGETED_DEVICE_FAMILY = "1,2";
			};
			name = Release;
		};
		8C9AEB18215E17B200C6B7BF /* Debug */ = {
			isa = XCBuildConfiguration;
			baseConfigurationReference = D33458344BD443D48038D782 /* Pods-Dota 2 Pro PlayersTests.debug.xcconfig */;
			buildSettings = {
				ALWAYS_EMBED_SWIFT_STANDARD_LIBRARIES = YES;
				BUNDLE_LOADER = "$(TEST_HOST)";
				CODE_SIGN_STYLE = Automatic;
				DEVELOPMENT_TEAM = U98YH747J6;
				INFOPLIST_FILE = "Dota 2 Pro PlayersTests/Info.plist";
				LD_RUNPATH_SEARCH_PATHS = (
					"$(inherited)",
					"@executable_path/Frameworks",
					"@loader_path/Frameworks",
				);
				PRODUCT_BUNDLE_IDENTIFIER = "com.Schiopu.Dota-2-Pro-PlayersTests";
				PRODUCT_NAME = "$(TARGET_NAME)";
				SWIFT_VERSION = 4.2;
				TARGETED_DEVICE_FAMILY = "1,2";
				TEST_HOST = "$(BUILT_PRODUCTS_DIR)/Dota 2 Pro Players.app/Dota 2 Pro Players";
			};
			name = Debug;
		};
		8C9AEB19215E17B200C6B7BF /* Release */ = {
			isa = XCBuildConfiguration;
			baseConfigurationReference = 040477ABDD33B8FB11A33857 /* Pods-Dota 2 Pro PlayersTests.release.xcconfig */;
			buildSettings = {
				ALWAYS_EMBED_SWIFT_STANDARD_LIBRARIES = YES;
				BUNDLE_LOADER = "$(TEST_HOST)";
				CODE_SIGN_STYLE = Automatic;
				DEVELOPMENT_TEAM = U98YH747J6;
				INFOPLIST_FILE = "Dota 2 Pro PlayersTests/Info.plist";
				LD_RUNPATH_SEARCH_PATHS = (
					"$(inherited)",
					"@executable_path/Frameworks",
					"@loader_path/Frameworks",
				);
				PRODUCT_BUNDLE_IDENTIFIER = "com.Schiopu.Dota-2-Pro-PlayersTests";
				PRODUCT_NAME = "$(TARGET_NAME)";
				SWIFT_VERSION = 4.2;
				TARGETED_DEVICE_FAMILY = "1,2";
				TEST_HOST = "$(BUILT_PRODUCTS_DIR)/Dota 2 Pro Players.app/Dota 2 Pro Players";
			};
			name = Release;
		};
		8C9AEB1B215E17B200C6B7BF /* Debug */ = {
			isa = XCBuildConfiguration;
			baseConfigurationReference = 6320B2C0402274073B0DA909 /* Pods-Dota 2 Pro PlayersUITests.debug.xcconfig */;
			buildSettings = {
				ALWAYS_EMBED_SWIFT_STANDARD_LIBRARIES = YES;
				CODE_SIGN_STYLE = Automatic;
				DEVELOPMENT_TEAM = U98YH747J6;
				INFOPLIST_FILE = "Dota 2 Pro PlayersUITests/Info.plist";
				LD_RUNPATH_SEARCH_PATHS = (
					"$(inherited)",
					"@executable_path/Frameworks",
					"@loader_path/Frameworks",
				);
				PRODUCT_BUNDLE_IDENTIFIER = "com.Schiopu.Dota-2-Pro-PlayersUITests";
				PRODUCT_NAME = "$(TARGET_NAME)";
				SWIFT_VERSION = 4.2;
				TARGETED_DEVICE_FAMILY = "1,2";
				TEST_TARGET_NAME = "Dota 2 Pro Players";
			};
			name = Debug;
		};
		8C9AEB1C215E17B200C6B7BF /* Release */ = {
			isa = XCBuildConfiguration;
			baseConfigurationReference = 6557B2B3413CF329676454A8 /* Pods-Dota 2 Pro PlayersUITests.release.xcconfig */;
			buildSettings = {
				ALWAYS_EMBED_SWIFT_STANDARD_LIBRARIES = YES;
				CODE_SIGN_STYLE = Automatic;
				DEVELOPMENT_TEAM = U98YH747J6;
				INFOPLIST_FILE = "Dota 2 Pro PlayersUITests/Info.plist";
				LD_RUNPATH_SEARCH_PATHS = (
					"$(inherited)",
					"@executable_path/Frameworks",
					"@loader_path/Frameworks",
				);
				PRODUCT_BUNDLE_IDENTIFIER = "com.Schiopu.Dota-2-Pro-PlayersUITests";
				PRODUCT_NAME = "$(TARGET_NAME)";
				SWIFT_VERSION = 4.2;
				TARGETED_DEVICE_FAMILY = "1,2";
				TEST_TARGET_NAME = "Dota 2 Pro Players";
			};
			name = Release;
		};
/* End XCBuildConfiguration section */

/* Begin XCConfigurationList section */
		8C9AEAE7215E17B000C6B7BF /* Build configuration list for PBXProject "Dota 2 Pro Players" */ = {
			isa = XCConfigurationList;
			buildConfigurations = (
				8C9AEB12215E17B200C6B7BF /* Debug */,
				8C9AEB13215E17B200C6B7BF /* Release */,
			);
			defaultConfigurationIsVisible = 0;
			defaultConfigurationName = Release;
		};
		8C9AEB14215E17B200C6B7BF /* Build configuration list for PBXNativeTarget "Dota 2 Pro Players" */ = {
			isa = XCConfigurationList;
			buildConfigurations = (
				8C9AEB15215E17B200C6B7BF /* Debug */,
				8C9AEB16215E17B200C6B7BF /* Release */,
			);
			defaultConfigurationIsVisible = 0;
			defaultConfigurationName = Release;
		};
		8C9AEB17215E17B200C6B7BF /* Build configuration list for PBXNativeTarget "Dota 2 Pro PlayersTests" */ = {
			isa = XCConfigurationList;
			buildConfigurations = (
				8C9AEB18215E17B200C6B7BF /* Debug */,
				8C9AEB19215E17B200C6B7BF /* Release */,
			);
			defaultConfigurationIsVisible = 0;
			defaultConfigurationName = Release;
		};
		8C9AEB1A215E17B200C6B7BF /* Build configuration list for PBXNativeTarget "Dota 2 Pro PlayersUITests" */ = {
			isa = XCConfigurationList;
			buildConfigurations = (
				8C9AEB1B215E17B200C6B7BF /* Debug */,
				8C9AEB1C215E17B200C6B7BF /* Release */,
			);
			defaultConfigurationIsVisible = 0;
			defaultConfigurationName = Release;
		};
/* End XCConfigurationList section */
	};
	rootObject = 8C9AEAE4215E17B000C6B7BF /* Project object */;
}
